
Microsoft Visual Studio Solution File, Format Version 12.00
# Visual Studio Version 17
VisualStudioVersion = 17.14.36414.22 d17.14
MinimumVisualStudioVersion = 10.0.40219.1
Project("{FAE04EC0-301F-11D3-BF4B-00C04F79EFBC}") = "Varych.TaskPlanner", "Varych.TaskPlanner.csproj", "{6A3F24CE-B9F3-448B-A624-26BFBB50C5F3}"
EndProject
Project("{FAE04EC0-301F-11D3-BF4B-00C04F79EFBC}") = "Varych.TaskPlanner.Domain.Logic1", "..\Varych.TaskPlanner.Domain.Logic1\Varych.TaskPlanner.Domain.Logic1.csproj", "{05710A6F-9A89-4422-819E-42606CF538CA}"
EndProject
Project("{FAE04EC0-301F-11D3-BF4B-00C04F79EFBC}") = "Varych.TaskPlanner.Domain.Models1", "..\Varych.TaskPlanner.Domain.Models1\Varych.TaskPlanner.Domain.Models1.csproj", "{1A23D0EC-C885-4B4F-88FD-8765D87534B9}"
EndProject
Global
	GlobalSection(SolutionConfigurationPlatforms) = preSolution
		Debug|Any CPU = Debug|Any CPU
		Release|Any CPU = Release|Any CPU
	EndGlobalSection
	GlobalSection(ProjectConfigurationPlatforms) = postSolution
		{6A3F24CE-B9F3-448B-A624-26BFBB50C5F3}.Debug|Any CPU.ActiveCfg = Debug|Any CPU
		{6A3F24CE-B9F3-448B-A624-26BFBB50C5F3}.Debug|Any CPU.Build.0 = Debug|Any CPU
		{6A3F24CE-B9F3-448B-A624-26BFBB50C5F3}.Release|Any CPU.ActiveCfg = Release|Any CPU
		{6A3F24CE-B9F3-448B-A624-26BFBB50C5F3}.Release|Any CPU.Build.0 = Release|Any CPU
		{05710A6F-9A89-4422-819E-42606CF538CA}.Debug|Any CPU.ActiveCfg = Debug|Any CPU
		{05710A6F-9A89-4422-819E-42606CF538CA}.Debug|Any CPU.Build.0 = Debug|Any CPU
		{05710A6F-9A89-4422-819E-42606CF538CA}.Release|Any CPU.ActiveCfg = Release|Any CPU
		{05710A6F-9A89-4422-819E-42606CF538CA}.Release|Any CPU.Build.0 = Release|Any CPU
		{1A23D0EC-C885-4B4F-88FD-8765D87534B9}.Debug|Any CPU.ActiveCfg = Debug|Any CPU
		{1A23D0EC-C885-4B4F-88FD-8765D87534B9}.Debug|Any CPU.Build.0 = Debug|Any CPU
		{1A23D0EC-C885-4B4F-88FD-8765D87534B9}.Release|Any CPU.ActiveCfg = Release|Any CPU
		{1A23D0EC-C885-4B4F-88FD-8765D87534B9}.Release|Any CPU.Build.0 = Release|Any CPU
	EndGlobalSection
	GlobalSection(SolutionProperties) = preSolution
		HideSolutionNode = FALSE
	EndGlobalSection
	GlobalSection(ExtensibilityGlobals) = postSolution
		SolutionGuid = {D2A8D05E-58AF-4D2F-A98F-5D1E312993EC}
	EndGlobalSection
EndGlobal
